// !$*UTF8*$!
{
	archiveVersion = 1;
	classes = {
	};
	objectVersion = 55;
	objects = {

/* Begin PBXBuildFile section */
		0A02399527B55E6E00C36E69 /* ChangeItemViewController.swift in Sources */ = {isa = PBXBuildFile; fileRef = 0A02399427B55E6E00C36E69 /* ChangeItemViewController.swift */; };
		0A0A780C27B6AC190071F67E /* RealmResultViewModel.swift in Sources */ = {isa = PBXBuildFile; fileRef = 0A0A780B27B6AC190071F67E /* RealmResultViewModel.swift */; };
		0A0A781027B6BE430071F67E /* DataResults.swift in Sources */ = {isa = PBXBuildFile; fileRef = 0A0A780F27B6BE430071F67E /* DataResults.swift */; };
		0A1D06B427AC0DAF00F9CCC9 /* AppDelegate.swift in Sources */ = {isa = PBXBuildFile; fileRef = 0A1D06B327AC0DAF00F9CCC9 /* AppDelegate.swift */; };
		0A1D06B627AC0DAF00F9CCC9 /* SceneDelegate.swift in Sources */ = {isa = PBXBuildFile; fileRef = 0A1D06B527AC0DAF00F9CCC9 /* SceneDelegate.swift */; };
		0A1D06C027AC0DB000F9CCC9 /* LaunchScreen.storyboard in Resources */ = {isa = PBXBuildFile; fileRef = 0A1D06BE27AC0DB000F9CCC9 /* LaunchScreen.storyboard */; };
		0A3302BE27C54A8C00DA7288 /* Main.storyboard in Resources */ = {isa = PBXBuildFile; fileRef = 0A3302BD27C54A8C00DA7288 /* Main.storyboard */; };
		0A3A4C3B27F2D65000F4E61E /* UIColor.swift in Sources */ = {isa = PBXBuildFile; fileRef = 0A3A4C3A27F2D65000F4E61E /* UIColor.swift */; };
		0A7A2FD627C61A1D00E268C8 /* Assets.xcassets in Resources */ = {isa = PBXBuildFile; fileRef = 0A1D06BC27AC0DB000F9CCC9 /* Assets.xcassets */; };
		0A959DB027AD134A005A58F4 /* DataPickerViewController.swift in Sources */ = {isa = PBXBuildFile; fileRef = 0A959DAF27AD134A005A58F4 /* DataPickerViewController.swift */; };
		0AD102FC27BCDE2D00637A2F /* DataManager.swift in Sources */ = {isa = PBXBuildFile; fileRef = 0AD102FB27BCDE2D00637A2F /* DataManager.swift */; };
		0AFFF3B427B15A9D00F57939 /* ContentViewController.swift in Sources */ = {isa = PBXBuildFile; fileRef = 0AFFF3B327B15A9D00F57939 /* ContentViewController.swift */; };
/* End PBXBuildFile section */

/* Begin PBXCopyFilesBuildPhase section */
		0AC1008427C7C3AC0076360B /* Embed App Extensions */ = {
			isa = PBXCopyFilesBuildPhase;
			buildActionMask = 2147483647;
			dstPath = "";
			dstSubfolderSpec = 13;
			files = (
			);
			name = "Embed App Extensions";
			runOnlyForDeploymentPostprocessing = 0;
		};
/* End PBXCopyFilesBuildPhase section */

/* Begin PBXFileReference section */
		0A02399427B55E6E00C36E69 /* ChangeItemViewController.swift */ = {isa = PBXFileReference; lastKnownFileType = sourcecode.swift; path = ChangeItemViewController.swift; sourceTree = "<group>"; };
		0A0A780B27B6AC190071F67E /* RealmResultViewModel.swift */ = {isa = PBXFileReference; lastKnownFileType = sourcecode.swift; path = RealmResultViewModel.swift; sourceTree = "<group>"; };
		0A0A780F27B6BE430071F67E /* DataResults.swift */ = {isa = PBXFileReference; lastKnownFileType = sourcecode.swift; name = DataResults.swift; path = ../model/DataResults.swift; sourceTree = "<group>"; };
		0A1D06B027AC0DAF00F9CCC9 /* WAY.app */ = {isa = PBXFileReference; explicitFileType = wrapper.application; includeInIndex = 0; path = WAY.app; sourceTree = BUILT_PRODUCTS_DIR; };
		0A1D06B327AC0DAF00F9CCC9 /* AppDelegate.swift */ = {isa = PBXFileReference; lastKnownFileType = sourcecode.swift; name = AppDelegate.swift; path = WAY/AppDelegate.swift; sourceTree = "<group>"; };
		0A1D06B527AC0DAF00F9CCC9 /* SceneDelegate.swift */ = {isa = PBXFileReference; lastKnownFileType = sourcecode.swift; name = SceneDelegate.swift; path = WAY/SceneDelegate.swift; sourceTree = "<group>"; };
		0A1D06BC27AC0DB000F9CCC9 /* Assets.xcassets */ = {isa = PBXFileReference; lastKnownFileType = folder.assetcatalog; path = Assets.xcassets; sourceTree = SOURCE_ROOT; };
		0A1D06BF27AC0DB000F9CCC9 /* Base */ = {isa = PBXFileReference; lastKnownFileType = file.storyboard; name = Base; path = Base.lproj/LaunchScreen.storyboard; sourceTree = "<group>"; };
		0A1D06C127AC0DB000F9CCC9 /* Info.plist */ = {isa = PBXFileReference; lastKnownFileType = text.plist.xml; name = Info.plist; path = WAY/Info.plist; sourceTree = "<group>"; };
		0A3302BD27C54A8C00DA7288 /* Main.storyboard */ = {isa = PBXFileReference; fileEncoding = 4; lastKnownFileType = file.storyboard; path = Main.storyboard; sourceTree = "<group>"; };
		0A3A4C3A27F2D65000F4E61E /* UIColor.swift */ = {isa = PBXFileReference; lastKnownFileType = sourcecode.swift; path = UIColor.swift; sourceTree = "<group>"; };
		0A959DAF27AD134A005A58F4 /* DataPickerViewController.swift */ = {isa = PBXFileReference; lastKnownFileType = sourcecode.swift; path = DataPickerViewController.swift; sourceTree = "<group>"; };
		0AC1007427C7C3AC0076360B /* WidgetKit.framework */ = {isa = PBXFileReference; lastKnownFileType = wrapper.framework; name = WidgetKit.framework; path = System/Library/Frameworks/WidgetKit.framework; sourceTree = SDKROOT; };
		0AC1007627C7C3AC0076360B /* SwiftUI.framework */ = {isa = PBXFileReference; lastKnownFileType = wrapper.framework; name = SwiftUI.framework; path = System/Library/Frameworks/SwiftUI.framework; sourceTree = SDKROOT; };
		0AD102FB27BCDE2D00637A2F /* DataManager.swift */ = {isa = PBXFileReference; lastKnownFileType = sourcecode.swift; path = DataManager.swift; sourceTree = "<group>"; };
		0AFFF3B327B15A9D00F57939 /* ContentViewController.swift */ = {isa = PBXFileReference; lastKnownFileType = sourcecode.swift; path = ContentViewController.swift; sourceTree = "<group>"; wrapsLines = 1; };
		9539951B67410F2C0EED033C /* Pods-WAY.debug.xcconfig */ = {isa = PBXFileReference; includeInIndex = 1; lastKnownFileType = text.xcconfig; name = "Pods-WAY.debug.xcconfig"; path = "Target Support Files/Pods-WAY/Pods-WAY.debug.xcconfig"; sourceTree = "<group>"; };
		FD66BD6FBB2723489503C4B6 /* Pods-WAY.release.xcconfig */ = {isa = PBXFileReference; includeInIndex = 1; lastKnownFileType = text.xcconfig; name = "Pods-WAY.release.xcconfig"; path = "Target Support Files/Pods-WAY/Pods-WAY.release.xcconfig"; sourceTree = "<group>"; };
/* End PBXFileReference section */

/* Begin PBXFrameworksBuildPhase section */
		0A1D06AD27AC0DAF00F9CCC9 /* Frameworks */ = {
			isa = PBXFrameworksBuildPhase;
			buildActionMask = 2147483647;
			files = (
			);
			runOnlyForDeploymentPostprocessing = 0;
		};
/* End PBXFrameworksBuildPhase section */

/* Begin PBXGroup section */
		0A0A780527B667BB0071F67E /* model */ = {
			isa = PBXGroup;
			children = (
				0A0A780F27B6BE430071F67E /* DataResults.swift */,
			);
			path = model;
			sourceTree = "<group>";
		};
		0A0A780627B667CA0071F67E /* storyboard */ = {
			isa = PBXGroup;
			children = (
				0A3302BD27C54A8C00DA7288 /* Main.storyboard */,
			);
			path = storyboard;
			sourceTree = "<group>";
		};
		0A1D06A727AC0DAF00F9CCC9 = {
			isa = PBXGroup;
			children = (
				0A3A4C4027F2D75A00F4E61E /* habit */,
				0A3A4C3F27F2D74E00F4E61E /* Contents */,
				0A3A4C3E27F2D72300F4E61E /* DataPicker */,
				0A3A4C3927F2D62D00F4E61E /* UIStyle */,
				0A5C627327BC0B8200CB2AAA /* viewmodel */,
				0A0A780627B667CA0071F67E /* storyboard */,
				0A0A780527B667BB0071F67E /* model */,
				0A1D06B327AC0DAF00F9CCC9 /* AppDelegate.swift */,
				0A1D06B527AC0DAF00F9CCC9 /* SceneDelegate.swift */,
				0A1D06BC27AC0DB000F9CCC9 /* Assets.xcassets */,
				0A1D06BE27AC0DB000F9CCC9 /* LaunchScreen.storyboard */,
				0A1D06C127AC0DB000F9CCC9 /* Info.plist */,
				0A1D06B127AC0DAF00F9CCC9 /* Products */,
				99F4345F1F669D24682F7A3B /* Pods */,
				AF92C262A7D16F5C9BF7FB39 /* Frameworks */,
			);
			sourceTree = "<group>";
			usesTabs = 0;
		};
		0A1D06B127AC0DAF00F9CCC9 /* Products */ = {
			isa = PBXGroup;
			children = (
				0A1D06B027AC0DAF00F9CCC9 /* WAY.app */,
			);
			name = Products;
			sourceTree = "<group>";
		};
		0A3A4C3927F2D62D00F4E61E /* UIStyle */ = {
			isa = PBXGroup;
			children = (
				0A3A4C3A27F2D65000F4E61E /* UIColor.swift */,
			);
			path = UIStyle;
			sourceTree = "<group>";
		};
		0A3A4C3E27F2D72300F4E61E /* DataPicker */ = {
			isa = PBXGroup;
			children = (
				0A959DAF27AD134A005A58F4 /* DataPickerViewController.swift */,
			);
			path = DataPicker;
			sourceTree = "<group>";
		};
		0A3A4C3F27F2D74E00F4E61E /* Contents */ = {
			isa = PBXGroup;
			children = (
				0AFFF3B327B15A9D00F57939 /* ContentViewController.swift */,
			);
			path = Contents;
			sourceTree = "<group>";
		};
		0A3A4C4027F2D75A00F4E61E /* habit */ = {
			isa = PBXGroup;
			children = (
				0A02399427B55E6E00C36E69 /* ChangeItemViewController.swift */,
			);
			path = habit;
			sourceTree = "<group>";
		};
		0A5C627327BC0B8200CB2AAA /* viewmodel */ = {
			isa = PBXGroup;
			children = (
				0A0A780B27B6AC190071F67E /* RealmResultViewModel.swift */,
				0AD102FB27BCDE2D00637A2F /* DataManager.swift */,
			);
			path = viewmodel;
			sourceTree = "<group>";
		};
		99F4345F1F669D24682F7A3B /* Pods */ = {
			isa = PBXGroup;
			children = (
				9539951B67410F2C0EED033C /* Pods-WAY.debug.xcconfig */,
				FD66BD6FBB2723489503C4B6 /* Pods-WAY.release.xcconfig */,
			);
			path = Pods;
			sourceTree = "<group>";
		};
		AF92C262A7D16F5C9BF7FB39 /* Frameworks */ = {
			isa = PBXGroup;
			children = (
				0AC1007427C7C3AC0076360B /* WidgetKit.framework */,
				0AC1007627C7C3AC0076360B /* SwiftUI.framework */,
			);
			name = Frameworks;
			sourceTree = "<group>";
		};
/* End PBXGroup section */

/* Begin PBXNativeTarget section */
		0A1D06AF27AC0DAF00F9CCC9 /* WAY */ = {
			isa = PBXNativeTarget;
			buildConfigurationList = 0A1D06C427AC0DB000F9CCC9 /* Build configuration list for PBXNativeTarget "WAY" */;
			buildPhases = (
				AEEC694758F940C1D8FF0F15 /* [CP] Check Pods Manifest.lock */,
				0A1D06AC27AC0DAF00F9CCC9 /* Sources */,
				0A1D06AD27AC0DAF00F9CCC9 /* Frameworks */,
				0A1D06AE27AC0DAF00F9CCC9 /* Resources */,
				0AC1008427C7C3AC0076360B /* Embed App Extensions */,
				D2913FDBB140BFB8B2B83C20 /* [CP] Embed Pods Frameworks */,
			);
			buildRules = (
			);
			dependencies = (
			);
			name = WAY;
			productName = MyNewLook;
			productReference = 0A1D06B027AC0DAF00F9CCC9 /* WAY.app */;
			productType = "com.apple.product-type.application";
		};
/* End PBXNativeTarget section */

/* Begin PBXProject section */
		0A1D06A827AC0DAF00F9CCC9 /* Project object */ = {
			isa = PBXProject;
			attributes = {
				BuildIndependentTargetsInParallel = 1;
				LastSwiftUpdateCheck = 1320;
				LastUpgradeCheck = 1320;
				TargetAttributes = {
					0A1D06AF27AC0DAF00F9CCC9 = {
						CreatedOnToolsVersion = 13.2.1;
					};
				};
			};
			buildConfigurationList = 0A1D06AB27AC0DAF00F9CCC9 /* Build configuration list for PBXProject "WAY" */;
			compatibilityVersion = "Xcode 13.0";
			developmentRegion = en;
			hasScannedForEncodings = 0;
			knownRegions = (
				en,
				Base,
			);
			mainGroup = 0A1D06A727AC0DAF00F9CCC9;
			productRefGroup = 0A1D06B127AC0DAF00F9CCC9 /* Products */;
			projectDirPath = "";
			projectRoot = "";
			targets = (
				0A1D06AF27AC0DAF00F9CCC9 /* WAY */,
			);
		};
/* End PBXProject section */

/* Begin PBXResourcesBuildPhase section */
		0A1D06AE27AC0DAF00F9CCC9 /* Resources */ = {
			isa = PBXResourcesBuildPhase;
			buildActionMask = 2147483647;
			files = (
				0A7A2FD627C61A1D00E268C8 /* Assets.xcassets in Resources */,
				0A1D06C027AC0DB000F9CCC9 /* LaunchScreen.storyboard in Resources */,
				0A3302BE27C54A8C00DA7288 /* Main.storyboard in Resources */,
			);
			runOnlyForDeploymentPostprocessing = 0;
		};
/* End PBXResourcesBuildPhase section */

/* Begin PBXShellScriptBuildPhase section */
		AEEC694758F940C1D8FF0F15 /* [CP] Check Pods Manifest.lock */ = {
			isa = PBXShellScriptBuildPhase;
			buildActionMask = 2147483647;
			files = (
			);
			inputFileListPaths = (
			);
			inputPaths = (
				"${PODS_PODFILE_DIR_PATH}/Podfile.lock",
				"${PODS_ROOT}/Manifest.lock",
			);
			name = "[CP] Check Pods Manifest.lock";
			outputFileListPaths = (
			);
			outputPaths = (
				"$(DERIVED_FILE_DIR)/Pods-WAY-checkManifestLockResult.txt",
			);
			runOnlyForDeploymentPostprocessing = 0;
			shellPath = /bin/sh;
			shellScript = "diff \"${PODS_PODFILE_DIR_PATH}/Podfile.lock\" \"${PODS_ROOT}/Manifest.lock\" > /dev/null\nif [ $? != 0 ] ; then\n    # print error to STDERR\n    echo \"error: The sandbox is not in sync with the Podfile.lock. Run 'pod install' or update your CocoaPods installation.\" >&2\n    exit 1\nfi\n# This output is used by Xcode 'outputs' to avoid re-running this script phase.\necho \"SUCCESS\" > \"${SCRIPT_OUTPUT_FILE_0}\"\n";
			showEnvVarsInLog = 0;
		};
		D2913FDBB140BFB8B2B83C20 /* [CP] Embed Pods Frameworks */ = {
			isa = PBXShellScriptBuildPhase;
			buildActionMask = 2147483647;
			files = (
			);
			inputFileListPaths = (
				"${PODS_ROOT}/Target Support Files/Pods-WAY/Pods-WAY-frameworks-${CONFIGURATION}-input-files.xcfilelist",
			);
			name = "[CP] Embed Pods Frameworks";
			outputFileListPaths = (
				"${PODS_ROOT}/Target Support Files/Pods-WAY/Pods-WAY-frameworks-${CONFIGURATION}-output-files.xcfilelist",
			);
			runOnlyForDeploymentPostprocessing = 0;
			shellPath = /bin/sh;
			shellScript = "\"${PODS_ROOT}/Target Support Files/Pods-WAY/Pods-WAY-frameworks.sh\"\n";
			showEnvVarsInLog = 0;
		};
/* End PBXShellScriptBuildPhase section */

/* Begin PBXSourcesBuildPhase section */
		0A1D06AC27AC0DAF00F9CCC9 /* Sources */ = {
			isa = PBXSourcesBuildPhase;
			buildActionMask = 2147483647;
			files = (
				0A0A781027B6BE430071F67E /* DataResults.swift in Sources */,
				0AD102FC27BCDE2D00637A2F /* DataManager.swift in Sources */,
				0AFFF3B427B15A9D00F57939 /* ContentViewController.swift in Sources */,
				0A959DB027AD134A005A58F4 /* DataPickerViewController.swift in Sources */,
				0A3A4C3B27F2D65000F4E61E /* UIColor.swift in Sources */,
				0A0A780C27B6AC190071F67E /* RealmResultViewModel.swift in Sources */,
				0A1D06B427AC0DAF00F9CCC9 /* AppDelegate.swift in Sources */,
				0A1D06B627AC0DAF00F9CCC9 /* SceneDelegate.swift in Sources */,
				0A02399527B55E6E00C36E69 /* ChangeItemViewController.swift in Sources */,
			);
			runOnlyForDeploymentPostprocessing = 0;
		};
/* End PBXSourcesBuildPhase section */

/* Begin PBXVariantGroup section */
		0A1D06BE27AC0DB000F9CCC9 /* LaunchScreen.storyboard */ = {
			isa = PBXVariantGroup;
			children = (
				0A1D06BF27AC0DB000F9CCC9 /* Base */,
			);
			name = LaunchScreen.storyboard;
			sourceTree = "<group>";
		};
/* End PBXVariantGroup section */

/* Begin XCBuildConfiguration section */
		0A1D06C227AC0DB000F9CCC9 /* Debug */ = {
			isa = XCBuildConfiguration;
			buildSettings = {
				ALWAYS_SEARCH_USER_PATHS = NO;
				CLANG_ANALYZER_NONNULL = YES;
				CLANG_ANALYZER_NUMBER_OBJECT_CONVERSION = YES_AGGRESSIVE;
				CLANG_CXX_LANGUAGE_STANDARD = "gnu++17";
				CLANG_CXX_LIBRARY = "libc++";
				CLANG_ENABLE_MODULES = YES;
				CLANG_ENABLE_OBJC_ARC = YES;
				CLANG_ENABLE_OBJC_WEAK = YES;
				CLANG_WARN_BLOCK_CAPTURE_AUTORELEASING = YES;
				CLANG_WARN_BOOL_CONVERSION = YES;
				CLANG_WARN_COMMA = YES;
				CLANG_WARN_CONSTANT_CONVERSION = YES;
				CLANG_WARN_DEPRECATED_OBJC_IMPLEMENTATIONS = YES;
				CLANG_WARN_DIRECT_OBJC_ISA_USAGE = YES_ERROR;
				CLANG_WARN_DOCUMENTATION_COMMENTS = YES;
				CLANG_WARN_EMPTY_BODY = YES;
				CLANG_WARN_ENUM_CONVERSION = YES;
				CLANG_WARN_INFINITE_RECURSION = YES;
				CLANG_WARN_INT_CONVERSION = YES;
				CLANG_WARN_NON_LITERAL_NULL_CONVERSION = YES;
				CLANG_WARN_OBJC_IMPLICIT_RETAIN_SELF = YES;
				CLANG_WARN_OBJC_LITERAL_CONVERSION = YES;
				CLANG_WARN_OBJC_ROOT_CLASS = YES_ERROR;
				CLANG_WARN_QUOTED_INCLUDE_IN_FRAMEWORK_HEADER = YES;
				CLANG_WARN_RANGE_LOOP_ANALYSIS = YES;
				CLANG_WARN_STRICT_PROTOTYPES = YES;
				CLANG_WARN_SUSPICIOUS_MOVE = YES;
				CLANG_WARN_UNGUARDED_AVAILABILITY = YES_AGGRESSIVE;
				CLANG_WARN_UNREACHABLE_CODE = YES;
				CLANG_WARN__DUPLICATE_METHOD_MATCH = YES;
				COPY_PHASE_STRIP = NO;
				DEBUG_INFORMATION_FORMAT = dwarf;
				ENABLE_STRICT_OBJC_MSGSEND = YES;
				ENABLE_TESTABILITY = YES;
				GCC_C_LANGUAGE_STANDARD = gnu11;
				GCC_DYNAMIC_NO_PIC = NO;
				GCC_NO_COMMON_BLOCKS = YES;
				GCC_OPTIMIZATION_LEVEL = 0;
				GCC_PREPROCESSOR_DEFINITIONS = (
					"DEBUG=1",
					"$(inherited)",
				);
				GCC_WARN_64_TO_32_BIT_CONVERSION = YES;
				GCC_WARN_ABOUT_RETURN_TYPE = YES_ERROR;
				GCC_WARN_UNDECLARED_SELECTOR = YES;
				GCC_WARN_UNINITIALIZED_AUTOS = YES_AGGRESSIVE;
				GCC_WARN_UNUSED_FUNCTION = YES;
				GCC_WARN_UNUSED_VARIABLE = YES;
				IPHONEOS_DEPLOYMENT_TARGET = 15.2;
				MTL_ENABLE_DEBUG_INFO = INCLUDE_SOURCE;
				MTL_FAST_MATH = YES;
				ONLY_ACTIVE_ARCH = YES;
				SDKROOT = iphoneos;
				SWIFT_ACTIVE_COMPILATION_CONDITIONS = DEBUG;
				SWIFT_OPTIMIZATION_LEVEL = "-Onone";
			};
			name = Debug;
		};
		0A1D06C327AC0DB000F9CCC9 /* Release */ = {
			isa = XCBuildConfiguration;
			buildSettings = {
				ALWAYS_SEARCH_USER_PATHS = NO;
				CLANG_ANALYZER_NONNULL = YES;
				CLANG_ANALYZER_NUMBER_OBJECT_CONVERSION = YES_AGGRESSIVE;
				CLANG_CXX_LANGUAGE_STANDARD = "gnu++17";
				CLANG_CXX_LIBRARY = "libc++";
				CLANG_ENABLE_MODULES = YES;
				CLANG_ENABLE_OBJC_ARC = YES;
				CLANG_ENABLE_OBJC_WEAK = YES;
				CLANG_WARN_BLOCK_CAPTURE_AUTORELEASING = YES;
				CLANG_WARN_BOOL_CONVERSION = YES;
				CLANG_WARN_COMMA = YES;
				CLANG_WARN_CONSTANT_CONVERSION = YES;
				CLANG_WARN_DEPRECATED_OBJC_IMPLEMENTATIONS = YES;
				CLANG_WARN_DIRECT_OBJC_ISA_USAGE = YES_ERROR;
				CLANG_WARN_DOCUMENTATION_COMMENTS = YES;
				CLANG_WARN_EMPTY_BODY = YES;
				CLANG_WARN_ENUM_CONVERSION = YES;
				CLANG_WARN_INFINITE_RECURSION = YES;
				CLANG_WARN_INT_CONVERSION = YES;
				CLANG_WARN_NON_LITERAL_NULL_CONVERSION = YES;
				CLANG_WARN_OBJC_IMPLICIT_RETAIN_SELF = YES;
				CLANG_WARN_OBJC_LITERAL_CONVERSION = YES;
				CLANG_WARN_OBJC_ROOT_CLASS = YES_ERROR;
				CLANG_WARN_QUOTED_INCLUDE_IN_FRAMEWORK_HEADER = YES;
				CLANG_WARN_RANGE_LOOP_ANALYSIS = YES;
				CLANG_WARN_STRICT_PROTOTYPES = YES;
				CLANG_WARN_SUSPICIOUS_MOVE = YES;
				CLANG_WARN_UNGUARDED_AVAILABILITY = YES_AGGRESSIVE;
				CLANG_WARN_UNREACHABLE_CODE = YES;
				CLANG_WARN__DUPLICATE_METHOD_MATCH = YES;
				COPY_PHASE_STRIP = NO;
				DEBUG_INFORMATION_FORMAT = "dwarf-with-dsym";
				ENABLE_NS_ASSERTIONS = NO;
				ENABLE_STRICT_OBJC_MSGSEND = YES;
				GCC_C_LANGUAGE_STANDARD = gnu11;
				GCC_NO_COMMON_BLOCKS = YES;
				GCC_WARN_64_TO_32_BIT_CONVERSION = YES;
				GCC_WARN_ABOUT_RETURN_TYPE = YES_ERROR;
				GCC_WARN_UNDECLARED_SELECTOR = YES;
				GCC_WARN_UNINITIALIZED_AUTOS = YES_AGGRESSIVE;
				GCC_WARN_UNUSED_FUNCTION = YES;
				GCC_WARN_UNUSED_VARIABLE = YES;
				IPHONEOS_DEPLOYMENT_TARGET = 15.2;
				MTL_ENABLE_DEBUG_INFO = NO;
				MTL_FAST_MATH = YES;
				ONLY_ACTIVE_ARCH = YES;
				SDKROOT = iphoneos;
				SWIFT_COMPILATION_MODE = wholemodule;
				SWIFT_OPTIMIZATION_LEVEL = "-O";
				VALIDATE_PRODUCT = YES;
			};
			name = Release;
		};
		0A1D06C527AC0DB000F9CCC9 /* Debug */ = {
			isa = XCBuildConfiguration;
			baseConfigurationReference = 9539951B67410F2C0EED033C /* Pods-WAY.debug.xcconfig */;
			buildSettings = {
				ALWAYS_EMBED_SWIFT_STANDARD_LIBRARIES = YES;
				ASSETCATALOG_COMPILER_APPICON_NAME = AppIcon;
				ASSETCATALOG_COMPILER_GLOBAL_ACCENT_COLOR_NAME = AccentColor;
				ASSETCATALOG_COMPILER_INCLUDE_ALL_APPICON_ASSETS = NO;
				CODE_SIGN_STYLE = Automatic;
				CURRENT_PROJECT_VERSION = 1;
				DEVELOPMENT_TEAM = 4JR7PKLFY2;
				GENERATE_INFOPLIST_FILE = YES;
				INFOPLIST_FILE = WAY/Info.plist;
				INFOPLIST_KEY_UIApplicationSupportsIndirectInputEvents = YES;
				INFOPLIST_KEY_UILaunchStoryboardName = LaunchScreen;
				INFOPLIST_KEY_UIMainStoryboardFile = Main;
				INFOPLIST_KEY_UISupportedInterfaceOrientations_iPad = "UIInterfaceOrientationPortrait UIInterfaceOrientationPortraitUpsideDown UIInterfaceOrientationLandscapeLeft UIInterfaceOrientationLandscapeRight";
				INFOPLIST_KEY_UISupportedInterfaceOrientations_iPhone = "UIInterfaceOrientationPortrait UIInterfaceOrientationLandscapeLeft UIInterfaceOrientationLandscapeRight";
				LD_RUNPATH_SEARCH_PATHS = (
					"$(inherited)",
					"@executable_path/Frameworks",
				);
				MARKETING_VERSION = 1.0;
				PRODUCT_BUNDLE_IDENTIFIER = com.minji.WAY;
				PRODUCT_NAME = "$(TARGET_NAME)";
				SWIFT_EMIT_LOC_STRINGS = YES;
				SWIFT_VERSION = 5.0;
				TARGETED_DEVICE_FAMILY = "1,2";
			};
			name = Debug;
		};
		0A1D06C627AC0DB000F9CCC9 /* Release */ = {
			isa = XCBuildConfiguration;
			baseConfigurationReference = FD66BD6FBB2723489503C4B6 /* Pods-WAY.release.xcconfig */;
			buildSettings = {
				ALWAYS_EMBED_SWIFT_STANDARD_LIBRARIES = YES;
				ASSETCATALOG_COMPILER_APPICON_NAME = AppIcon;
				ASSETCATALOG_COMPILER_GLOBAL_ACCENT_COLOR_NAME = AccentColor;
				ASSETCATALOG_COMPILER_INCLUDE_ALL_APPICON_ASSETS = NO;
				CODE_SIGN_ENTITLEMENTS = WAY/WAYRelease.entitlements;
				CODE_SIGN_STYLE = Automatic;
				CURRENT_PROJECT_VERSION = 1;
				DEVELOPMENT_TEAM = 4JR7PKLFY2;
				GENERATE_INFOPLIST_FILE = YES;
				INFOPLIST_FILE = WAY/Info.plist;
				INFOPLIST_KEY_UIApplicationSupportsIndirectInputEvents = YES;
				INFOPLIST_KEY_UILaunchStoryboardName = LaunchScreen;
				INFOPLIST_KEY_UIMainStoryboardFile = Main;
				INFOPLIST_KEY_UISupportedInterfaceOrientations_iPad = "UIInterfaceOrientationPortrait UIInterfaceOrientationPortraitUpsideDown UIInterfaceOrientationLandscapeLeft UIInterfaceOrientationLandscapeRight";
				INFOPLIST_KEY_UISupportedInterfaceOrientations_iPhone = "UIInterfaceOrientationPortrait UIInterfaceOrientationLandscapeLeft UIInterfaceOrientationLandscapeRight";
				LD_RUNPATH_SEARCH_PATHS = (
					"$(inherited)",
					"@executable_path/Frameworks",
				);
				MARKETING_VERSION = 1.0;
				PRODUCT_BUNDLE_IDENTIFIER = com.minji.WAY.Project;
				PRODUCT_NAME = "$(TARGET_NAME)";
				SWIFT_EMIT_LOC_STRINGS = YES;
				SWIFT_VERSION = 5.0;
				TARGETED_DEVICE_FAMILY = "1,2";
			};
			name = Release;
		};
/* End XCBuildConfiguration section */

/* Begin XCConfigurationList section */
		0A1D06AB27AC0DAF00F9CCC9 /* Build configuration list for PBXProject "WAY" */ = {
			isa = XCConfigurationList;
			buildConfigurations = (
				0A1D06C227AC0DB000F9CCC9 /* Debug */,
				0A1D06C327AC0DB000F9CCC9 /* Release */,
			);
			defaultConfigurationIsVisible = 0;
			defaultConfigurationName = Release;
		};
		0A1D06C427AC0DB000F9CCC9 /* Build configuration list for PBXNativeTarget "WAY" */ = {
			isa = XCConfigurationList;
			buildConfigurations = (
				0A1D06C527AC0DB000F9CCC9 /* Debug */,
				0A1D06C627AC0DB000F9CCC9 /* Release */,
			);
			defaultConfigurationIsVisible = 0;
			defaultConfigurationName = Release;
		};
/* End XCConfigurationList section */
	};
	rootObject = 0A1D06A827AC0DAF00F9CCC9 /* Project object */;
}
